
Microsoft Visual Studio Solution File, Format Version 12.00
# Visual Studio 15
VisualStudioVersion = 15.0.28307.1321
MinimumVisualStudioVersion = 10.0.40219.1
Project("{FAE04EC0-301F-11D3-BF4B-00C04F79EFBC}") = "Particle3DSampleWindows", "Particle3DSample\Particle3DSampleWindows.csproj", "{2AEF1B32-62F0-45F3-888F-E455C1C99204}"
EndProject
Project("{FAE04EC0-301F-11D3-BF4B-00C04F79EFBC}") = "Particle3DSampleContent", "Particle3DSample\Content\Particle3DSampleContent.contentproj", "{12A1407B-BACE-4F2A-9413-A4C8DD9E4922}"
EndProject
Project("{FAE04EC0-301F-11D3-BF4B-00C04F79EFBC}") = "Particle3DSampleWindows.Fna", "Particle3DSample\Particle3DSampleWindows.Fna.csproj", "{4070C309-1BA5-472B-A32A-65F6B0248136}"
EndProject
Project("{FAE04EC0-301F-11D3-BF4B-00C04F79EFBC}") = "FNA", "..\..\..\FNA\FNA.csproj", "{35253CE1-C864-4CD3-8249-4D1319748E8F}"
EndProject
Global
	GlobalSection(SolutionConfigurationPlatforms) = preSolution
		Debug|Any CPU = Debug|Any CPU
		Debug|x64 = Debug|x64
		Debug|x86 = Debug|x86
		Release|Any CPU = Release|Any CPU
		Release|x64 = Release|x64
		Release|x86 = Release|x86
	EndGlobalSection
	GlobalSection(ProjectConfigurationPlatforms) = postSolution
		{2AEF1B32-62F0-45F3-888F-E455C1C99204}.Debug|Any CPU.ActiveCfg = Debug|x86
		{2AEF1B32-62F0-45F3-888F-E455C1C99204}.Debug|x64.ActiveCfg = Debug|x86
		{2AEF1B32-62F0-45F3-888F-E455C1C99204}.Debug|x86.ActiveCfg = Debug|x86
		{2AEF1B32-62F0-45F3-888F-E455C1C99204}.Debug|x86.Build.0 = Debug|x86
		{2AEF1B32-62F0-45F3-888F-E455C1C99204}.Release|Any CPU.ActiveCfg = Release|x86
		{2AEF1B32-62F0-45F3-888F-E455C1C99204}.Release|x64.ActiveCfg = Release|x86
		{2AEF1B32-62F0-45F3-888F-E455C1C99204}.Release|x86.ActiveCfg = Release|x86
		{2AEF1B32-62F0-45F3-888F-E455C1C99204}.Release|x86.Build.0 = Release|x86
		{12A1407B-BACE-4F2A-9413-A4C8DD9E4922}.Debug|Any CPU.ActiveCfg = Debug|x86
		{12A1407B-BACE-4F2A-9413-A4C8DD9E4922}.Debug|x64.ActiveCfg = Debug|x86
		{12A1407B-BACE-4F2A-9413-A4C8DD9E4922}.Debug|x86.ActiveCfg = Debug|x86
		{12A1407B-BACE-4F2A-9413-A4C8DD9E4922}.Release|Any CPU.ActiveCfg = Release|x86
		{12A1407B-BACE-4F2A-9413-A4C8DD9E4922}.Release|x64.ActiveCfg = Release|x86
		{12A1407B-BACE-4F2A-9413-A4C8DD9E4922}.Release|x86.ActiveCfg = Release|x86
		{4070C309-1BA5-472B-A32A-65F6B0248136}.Debug|Any CPU.ActiveCfg = Debug|x86
		{4070C309-1BA5-472B-A32A-65F6B0248136}.Debug|x64.ActiveCfg = Debug|x86
		{4070C309-1BA5-472B-A32A-65F6B0248136}.Debug|x86.ActiveCfg = Debug|x86
		{4070C309-1BA5-472B-A32A-65F6B0248136}.Debug|x86.Build.0 = Debug|x86
		{4070C309-1BA5-472B-A32A-65F6B0248136}.Release|Any CPU.ActiveCfg = Release|x86
		{4070C309-1BA5-472B-A32A-65F6B0248136}.Release|x64.ActiveCfg = Release|x86
		{4070C309-1BA5-472B-A32A-65F6B0248136}.Release|x86.ActiveCfg = Release|x86
		{4070C309-1BA5-472B-A32A-65F6B0248136}.Release|x86.Build.0 = Release|x86
		{35253CE1-C864-4CD3-8249-4D1319748E8F}.Debug|Any CPU.ActiveCfg = Debug|Any CPU
		{35253CE1-C864-4CD3-8249-4D1319748E8F}.Debug|Any CPU.Build.0 = Debug|Any CPU
		{35253CE1-C864-4CD3-8249-4D1319748E8F}.Debug|x64.ActiveCfg = Debug|x64
		{35253CE1-C864-4CD3-8249-4D1319748E8F}.Debug|x64.Build.0 = Debug|x64
		{35253CE1-C864-4CD3-8249-4D1319748E8F}.Debug|x86.ActiveCfg = Debug|x86
		{35253CE1-C864-4CD3-8249-4D1319748E8F}.Debug|x86.Build.0 = Debug|x86
		{35253CE1-C864-4CD3-8249-4D1319748E8F}.Release|Any CPU.ActiveCfg = Release|Any CPU
		{35253CE1-C864-4CD3-8249-4D1319748E8F}.Release|Any CPU.Build.0 = Release|Any CPU
		{35253CE1-C864-4CD3-8249-4D1319748E8F}.Release|x64.ActiveCfg = Release|x64
		{35253CE1-C864-4CD3-8249-4D1319748E8F}.Release|x64.Build.0 = Release|x64
		{35253CE1-C864-4CD3-8249-4D1319748E8F}.Release|x86.ActiveCfg = Release|x86
		{35253CE1-C864-4CD3-8249-4D1319748E8F}.Release|x86.Build.0 = Release|x86
	EndGlobalSection
	GlobalSection(SolutionProperties) = preSolution
		HideSolutionNode = FALSE
	EndGlobalSection
	GlobalSection(ExtensibilityGlobals) = postSolution
		SolutionGuid = {81602683-000C-4D92-8FA7-FCC3E50D0EED}
	EndGlobalSection
EndGlobal
